# THIS IS AN AUTOGENERATED FILE. DO NOT EDIT THIS FILE DIRECTLY.
# yarn lockfile v1


classlist-polyfill@1.0.3:
  version "1.0.3"
  resolved "https://registry.yarnpkg.com/classlist-polyfill/-/classlist-polyfill-1.0.3.tgz#7cd5a9207c8d6932f592fdeaa6b45352ed71690d"

domify@1.4.0:
  version "1.4.0"
  resolved "https://registry.yarnpkg.com/domify/-/domify-1.4.0.tgz#11483617f764f8695975b4bdc79b14f0803b629b"

es6-object-assign@1.0.2:
  version "1.0.2"
  resolved "https://registry.yarnpkg.com/es6-object-assign/-/es6-object-assign-1.0.2.tgz#ff676ec54546b5871c9a164c9c658eb1190ce4b5"

form-serialize@0.7.1:
  version "0.7.1"
  resolved "https://registry.yarnpkg.com/form-serialize/-/form-serialize-0.7.1.tgz#48f74e37d041de4f7d140dd2c54b37fff8d2e843"

jquery@^3.2.1:
  version "3.2.1"
  resolved "https://registry.yarnpkg.com/jquery/-/jquery-3.2.1.tgz#5c4d9de652af6cd0a770154a631bba12b015c787"

uikit@^3.0.0-beta.31:
  version "3.0.0-beta.31"
  resolved "https://registry.yarnpkg.com/uikit/-/uikit-3.0.0-beta.31.tgz#22981d890f5720d9fc2dbca40fe65430bd12d03e"

vex-dialog@1.0.7:
  version "1.0.7"
  resolved "https://registry.yarnpkg.com/vex-dialog/-/vex-dialog-1.0.7.tgz#b48e7a9da14a61eee31970cf92d6cd2f66d33c1f"
  dependencies:
    domify "1.4.0"
    form-serialize "0.7.1"

vex-js@^4.0.1:
  version "4.0.1"
  resolved "https://registry.yarnpkg.com/vex-js/-/vex-js-4.0.1.tgz#939c5964b99e3a3fd89cb9f8eec662c4c56bf691"
  dependencies:
    classlist-polyfill "1.0.3"
    domify "1.4.0"
    es6-object-assign "1.0.2"
    vex-dialog "1.0.7"
